// !$*UTF8*$!
{
	archiveVersion = 1;
	classes = {
	};
	objectVersion = 51;
	objects = {

/* Begin PBXBuildFile section */
		9EE62ECBAD9D2FB5F9390C3D /* libPods-iOSWithFlutterSingleVC.a in Frameworks */ = {isa = PBXBuildFile; fileRef = 2EB6F99191F2CA2A79D282D5 /* libPods-iOSWithFlutterSingleVC.a */; };
		A3146E1822F95F1A005F8333 /* SecondFlutterPage.m in Sources */ = {isa = PBXBuildFile; fileRef = A3146E1722F95F1A005F8333 /* SecondFlutterPage.m */; };
		A3B4FC9B22F929210083C8EE /* libFlutterPluginRegistrant.a in Frameworks */ = {isa = PBXBuildFile; fileRef = A3B4FC9A22F929210083C8EE /* libFlutterPluginRegistrant.a */; };
		A3F0615E22F80C31000C4462 /* AppDelegate.m in Sources */ = {isa = PBXBuildFile; fileRef = A3F0615D22F80C31000C4462 /* AppDelegate.m */; };
		A3F0616122F80C31000C4462 /* ViewController.m in Sources */ = {isa = PBXBuildFile; fileRef = A3F0616022F80C31000C4462 /* ViewController.m */; };
		A3F0616422F80C31000C4462 /* Main.storyboard in Resources */ = {isa = PBXBuildFile; fileRef = A3F0616222F80C31000C4462 /* Main.storyboard */; };
		A3F0616622F80C32000C4462 /* Assets.xcassets in Resources */ = {isa = PBXBuildFile; fileRef = A3F0616522F80C32000C4462 /* Assets.xcassets */; };
		A3F0616922F80C32000C4462 /* LaunchScreen.storyboard in Resources */ = {isa = PBXBuildFile; fileRef = A3F0616722F80C32000C4462 /* LaunchScreen.storyboard */; };
		A3F0616C22F80C32000C4462 /* main.m in Sources */ = {isa = PBXBuildFile; fileRef = A3F0616B22F80C32000C4462 /* main.m */; };
		A3F0617B22F82635000C4462 /* SecondNativePage.m in Sources */ = {isa = PBXBuildFile; fileRef = A3F0617A22F82635000C4462 /* SecondNativePage.m */; };
/* End PBXBuildFile section */

/* Begin PBXFileReference section */
		0FB56CE385B17E4AFD2585A0 /* Pods-iOSWithFlutterSingleVC.debug.xcconfig */ = {isa = PBXFileReference; includeInIndex = 1; lastKnownFileType = text.xcconfig; name = "Pods-iOSWithFlutterSingleVC.debug.xcconfig"; path = "Target Support Files/Pods-iOSWithFlutterSingleVC/Pods-iOSWithFlutterSingleVC.debug.xcconfig"; sourceTree = "<group>"; };
		2EB6F99191F2CA2A79D282D5 /* libPods-iOSWithFlutterSingleVC.a */ = {isa = PBXFileReference; explicitFileType = archive.ar; includeInIndex = 0; path = "libPods-iOSWithFlutterSingleVC.a"; sourceTree = BUILT_PRODUCTS_DIR; };
		A3146E1622F95F1A005F8333 /* SecondFlutterPage.h */ = {isa = PBXFileReference; lastKnownFileType = sourcecode.c.h; path = SecondFlutterPage.h; sourceTree = "<group>"; };
		A3146E1722F95F1A005F8333 /* SecondFlutterPage.m */ = {isa = PBXFileReference; lastKnownFileType = sourcecode.c.objc; path = SecondFlutterPage.m; sourceTree = "<group>"; };
		A3B4FC9A22F929210083C8EE /* libFlutterPluginRegistrant.a */ = {isa = PBXFileReference; explicitFileType = archive.ar; path = libFlutterPluginRegistrant.a; sourceTree = BUILT_PRODUCTS_DIR; };
		A3F0615922F80C31000C4462 /* iOSWithFlutterSingleVC.app */ = {isa = PBXFileReference; explicitFileType = wrapper.application; includeInIndex = 0; path = iOSWithFlutterSingleVC.app; sourceTree = BUILT_PRODUCTS_DIR; };
		A3F0615C22F80C31000C4462 /* AppDelegate.h */ = {isa = PBXFileReference; lastKnownFileType = sourcecode.c.h; path = AppDelegate.h; sourceTree = "<group>"; };
		A3F0615D22F80C31000C4462 /* AppDelegate.m */ = {isa = PBXFileReference; lastKnownFileType = sourcecode.c.objc; path = AppDelegate.m; sourceTree = "<group>"; };
		A3F0615F22F80C31000C4462 /* ViewController.h */ = {isa = PBXFileReference; lastKnownFileType = sourcecode.c.h; path = ViewController.h; sourceTree = "<group>"; };
		A3F0616022F80C31000C4462 /* ViewController.m */ = {isa = PBXFileReference; lastKnownFileType = sourcecode.c.objc; path = ViewController.m; sourceTree = "<group>"; };
		A3F0616322F80C31000C4462 /* Base */ = {isa = PBXFileReference; lastKnownFileType = file.storyboard; name = Base; path = Base.lproj/Main.storyboard; sourceTree = "<group>"; };
		A3F0616522F80C32000C4462 /* Assets.xcassets */ = {isa = PBXFileReference; lastKnownFileType = folder.assetcatalog; path = Assets.xcassets; sourceTree = "<group>"; };
		A3F0616822F80C32000C4462 /* Base */ = {isa = PBXFileReference; lastKnownFileType = file.storyboard; name = Base; path = Base.lproj/LaunchScreen.storyboard; sourceTree = "<group>"; };
		A3F0616A22F80C32000C4462 /* Info.plist */ = {isa = PBXFileReference; lastKnownFileType = text.plist.xml; path = Info.plist; sourceTree = "<group>"; };
		A3F0616B22F80C32000C4462 /* main.m */ = {isa = PBXFileReference; lastKnownFileType = sourcecode.c.objc; path = main.m; sourceTree = "<group>"; };
		A3F0617922F82635000C4462 /* SecondNativePage.h */ = {isa = PBXFileReference; lastKnownFileType = sourcecode.c.h; path = SecondNativePage.h; sourceTree = "<group>"; };
		A3F0617A22F82635000C4462 /* SecondNativePage.m */ = {isa = PBXFileReference; lastKnownFileType = sourcecode.c.objc; path = SecondNativePage.m; sourceTree = "<group>"; };
		F1936F930D58C6A30D2D2F6C /* Pods-iOSWithFlutterSingleVC.release.xcconfig */ = {isa = PBXFileReference; includeInIndex = 1; lastKnownFileType = text.xcconfig; name = "Pods-iOSWithFlutterSingleVC.release.xcconfig"; path = "Target Support Files/Pods-iOSWithFlutterSingleVC/Pods-iOSWithFlutterSingleVC.release.xcconfig"; sourceTree = "<group>"; };
/* End PBXFileReference section */

/* Begin PBXFrameworksBuildPhase section */
		A3F0615622F80C31000C4462 /* Frameworks */ = {
			isa = PBXFrameworksBuildPhase;
			buildActionMask = 2147483647;
			files = (
				A3B4FC9B22F929210083C8EE /* libFlutterPluginRegistrant.a in Frameworks */,
				9EE62ECBAD9D2FB5F9390C3D /* libPods-iOSWithFlutterSingleVC.a in Frameworks */,
			);
			runOnlyForDeploymentPostprocessing = 0;
		};
/* End PBXFrameworksBuildPhase section */

/* Begin PBXGroup section */
		64CE8ED85F116AEC507B7718 /* Frameworks */ = {
			isa = PBXGroup;
			children = (
				A3B4FC9A22F929210083C8EE /* libFlutterPluginRegistrant.a */,
				2EB6F99191F2CA2A79D282D5 /* libPods-iOSWithFlutterSingleVC.a */,
			);
			name = Frameworks;
			sourceTree = "<group>";
		};
		9F50EA31CDD5819C979AB17F /* Pods */ = {
			isa = PBXGroup;
			children = (
				0FB56CE385B17E4AFD2585A0 /* Pods-iOSWithFlutterSingleVC.debug.xcconfig */,
				F1936F930D58C6A30D2D2F6C /* Pods-iOSWithFlutterSingleVC.release.xcconfig */,
			);
			path = Pods;
			sourceTree = "<group>";
		};
		A3146E1522F95EEC005F8333 /* FirstFlutterPage */ = {
			isa = PBXGroup;
			children = (
				A3146E1622F95F1A005F8333 /* SecondFlutterPage.h */,
				A3146E1722F95F1A005F8333 /* SecondFlutterPage.m */,
			);
			path = FirstFlutterPage;
			sourceTree = "<group>";
		};
		A3F0615022F80C31000C4462 = {
			isa = PBXGroup;
			children = (
				A3F0615B22F80C31000C4462 /* iOSWithFlutterSingleVC */,
				A3F0615A22F80C31000C4462 /* Products */,
				9F50EA31CDD5819C979AB17F /* Pods */,
				64CE8ED85F116AEC507B7718 /* Frameworks */,
			);
			sourceTree = "<group>";
		};
		A3F0615A22F80C31000C4462 /* Products */ = {
			isa = PBXGroup;
			children = (
				A3F0615922F80C31000C4462 /* iOSWithFlutterSingleVC.app */,
			);
			name = Products;
			sourceTree = "<group>";
		};
		A3F0615B22F80C31000C4462 /* iOSWithFlutterSingleVC */ = {
			isa = PBXGroup;
			children = (
				A3146E1522F95EEC005F8333 /* FirstFlutterPage */,
				A3F0617822F8260F000C4462 /* SecondNaitvePage */,
				A3F0617322F8254B000C4462 /* ViewController */,
				A3F0617222F82539000C4462 /* Supporting Files */,
			);
			path = iOSWithFlutterSingleVC;
			sourceTree = "<group>";
		};
		A3F0617222F82539000C4462 /* Supporting Files */ = {
			isa = PBXGroup;
			children = (
				A3F0615C22F80C31000C4462 /* AppDelegate.h */,
				A3F0615D22F80C31000C4462 /* AppDelegate.m */,
				A3F0616222F80C31000C4462 /* Main.storyboard */,
				A3F0616522F80C32000C4462 /* Assets.xcassets */,
				A3F0616722F80C32000C4462 /* LaunchScreen.storyboard */,
				A3F0616A22F80C32000C4462 /* Info.plist */,
				A3F0616B22F80C32000C4462 /* main.m */,
			);
			path = "Supporting Files";
			sourceTree = "<group>";
		};
		A3F0617322F8254B000C4462 /* ViewController */ = {
			isa = PBXGroup;
			children = (
				A3F0615F22F80C31000C4462 /* ViewController.h */,
				A3F0616022F80C31000C4462 /* ViewController.m */,
			);
			path = ViewController;
			sourceTree = "<group>";
		};
		A3F0617822F8260F000C4462 /* SecondNaitvePage */ = {
			isa = PBXGroup;
			children = (
				A3F0617922F82635000C4462 /* SecondNativePage.h */,
				A3F0617A22F82635000C4462 /* SecondNativePage.m */,
			);
			path = SecondNaitvePage;
			sourceTree = "<group>";
		};
/* End PBXGroup section */

/* Begin PBXNativeTarget section */
		A3F0615822F80C31000C4462 /* iOSWithFlutterSingleVC */ = {
			isa = PBXNativeTarget;
			buildConfigurationList = A3F0616F22F80C32000C4462 /* Build configuration list for PBXNativeTarget "iOSWithFlutterSingleVC" */;
			buildPhases = (
				68ED932E82F105F9CECA0D57 /* [CP] Check Pods Manifest.lock */,
				86B504D636114A9B08AE0F81 /* [CP-User] Run Flutter Build Script */,
				A3F0615522F80C31000C4462 /* Sources */,
				A3F0615622F80C31000C4462 /* Frameworks */,
				A3F0615722F80C31000C4462 /* Resources */,
				BCA09AFDA37FEB618CB31D3F /* [CP] Embed Pods Frameworks */,
			);
			buildRules = (
			);
			dependencies = (
			);
			name = iOSWithFlutterSingleVC;
			productName = iOSWithFlutterSingleVC;
			productReference = A3F0615922F80C31000C4462 /* iOSWithFlutterSingleVC.app */;
			productType = "com.apple.product-type.application";
		};
/* End PBXNativeTarget section */

/* Begin PBXProject section */
		A3F0615122F80C31000C4462 /* Project object */ = {
			isa = PBXProject;
			attributes = {
				LastUpgradeCheck = 1030;
				ORGANIZATIONNAME = "德赢工作室";
				TargetAttributes = {
					A3F0615822F80C31000C4462 = {
						CreatedOnToolsVersion = 10.3;
					};
				};
			};
			buildConfigurationList = A3F0615422F80C31000C4462 /* Build configuration list for PBXProject "iOSWithFlutterSingleVC" */;
			compatibilityVersion = "Xcode 9.3";
			developmentRegion = en;
			hasScannedForEncodings = 0;
			knownRegions = (
				en,
				Base,
			);
			mainGroup = A3F0615022F80C31000C4462;
			productRefGroup = A3F0615A22F80C31000C4462 /* Products */;
			projectDirPath = "";
			projectRoot = "";
			targets = (
				A3F0615822F80C31000C4462 /* iOSWithFlutterSingleVC */,
			);
		};
/* End PBXProject section */

/* Begin PBXResourcesBuildPhase section */
		A3F0615722F80C31000C4462 /* Resources */ = {
			isa = PBXResourcesBuildPhase;
			buildActionMask = 2147483647;
			files = (
				A3F0616922F80C32000C4462 /* LaunchScreen.storyboard in Resources */,
				A3F0616622F80C32000C4462 /* Assets.xcassets in Resources */,
				A3F0616422F80C31000C4462 /* Main.storyboard in Resources */,
			);
			runOnlyForDeploymentPostprocessing = 0;
		};
/* End PBXResourcesBuildPhase section */

/* Begin PBXShellScriptBuildPhase section */
		68ED932E82F105F9CECA0D57 /* [CP] Check Pods Manifest.lock */ = {
			isa = PBXShellScriptBuildPhase;
			buildActionMask = 2147483647;
			files = (
			);
			inputFileListPaths = (
			);
			inputPaths = (
				"${PODS_PODFILE_DIR_PATH}/Podfile.lock",
				"${PODS_ROOT}/Manifest.lock",
			);
			name = "[CP] Check Pods Manifest.lock";
			outputFileListPaths = (
			);
			outputPaths = (
				"$(DERIVED_FILE_DIR)/Pods-iOSWithFlutterSingleVC-checkManifestLockResult.txt",
			);
			runOnlyForDeploymentPostprocessing = 0;
			shellPath = /bin/sh;
			shellScript = "diff \"${PODS_PODFILE_DIR_PATH}/Podfile.lock\" \"${PODS_ROOT}/Manifest.lock\" > /dev/null\nif [ $? != 0 ] ; then\n    # print error to STDERR\n    echo \"error: The sandbox is not in sync with the Podfile.lock. Run 'pod install' or update your CocoaPods installation.\" >&2\n    exit 1\nfi\n# This output is used by Xcode 'outputs' to avoid re-running this script phase.\necho \"SUCCESS\" > \"${SCRIPT_OUTPUT_FILE_0}\"\n";
			showEnvVarsInLog = 0;
		};
		86B504D636114A9B08AE0F81 /* [CP-User] Run Flutter Build Script */ = {
			isa = PBXShellScriptBuildPhase;
			buildActionMask = 2147483647;
			files = (
			);
			inputPaths = (
				"${SRCROOT}/Users/gaodeying/Desktop/Git_FlutterHybrid/flutter_to_native/.metadata",
				"${SRCROOT}/../flutter_to_native/.ios/Flutter/App.framework/App",
				"${SRCROOT}/../flutter_to_native/.ios/Flutter/engine/Flutter.framework/Flutter",
				"${SRCROOT}/../flutter_to_native/.ios/Flutter/flutter_export_environment.sh",
			);
			name = "[CP-User] Run Flutter Build Script";
			runOnlyForDeploymentPostprocessing = 0;
			shellPath = /bin/sh;
			shellScript = "set -e\nset -u\nsource \"${SRCROOT}/../flutter_to_native/.ios/Flutter/flutter_export_environment.sh\"\n\"$FLUTTER_ROOT\"/packages/flutter_tools/bin/xcode_backend.sh build";
		};
		BCA09AFDA37FEB618CB31D3F /* [CP] Embed Pods Frameworks */ = {
			isa = PBXShellScriptBuildPhase;
			buildActionMask = 2147483647;
			files = (
			);
			inputFileListPaths = (
				"${PODS_ROOT}/Target Support Files/Pods-iOSWithFlutterSingleVC/Pods-iOSWithFlutterSingleVC-frameworks-${CONFIGURATION}-input-files.xcfilelist",
			);
			name = "[CP] Embed Pods Frameworks";
			outputFileListPaths = (
				"${PODS_ROOT}/Target Support Files/Pods-iOSWithFlutterSingleVC/Pods-iOSWithFlutterSingleVC-frameworks-${CONFIGURATION}-output-files.xcfilelist",
			);
			runOnlyForDeploymentPostprocessing = 0;
			shellPath = /bin/sh;
			shellScript = "\"${PODS_ROOT}/Target Support Files/Pods-iOSWithFlutterSingleVC/Pods-iOSWithFlutterSingleVC-frameworks.sh\"\n";
			showEnvVarsInLog = 0;
		};
/* End PBXShellScriptBuildPhase section */

/* Begin PBXSourcesBuildPhase section */
		A3F0615522F80C31000C4462 /* Sources */ = {
			isa = PBXSourcesBuildPhase;
			buildActionMask = 2147483647;
			files = (
				A3F0616122F80C31000C4462 /* ViewController.m in Sources */,
				A3F0617B22F82635000C4462 /* SecondNativePage.m in Sources */,
				A3146E1822F95F1A005F8333 /* SecondFlutterPage.m in Sources */,
				A3F0616C22F80C32000C4462 /* main.m in Sources */,
				A3F0615E22F80C31000C4462 /* AppDelegate.m in Sources */,
			);
			runOnlyForDeploymentPostprocessing = 0;
		};
/* End PBXSourcesBuildPhase section */

/* Begin PBXVariantGroup section */
		A3F0616222F80C31000C4462 /* Main.storyboard */ = {
			isa = PBXVariantGroup;
			children = (
				A3F0616322F80C31000C4462 /* Base */,
			);
			name = Main.storyboard;
			sourceTree = "<group>";
		};
		A3F0616722F80C32000C4462 /* LaunchScreen.storyboard */ = {
			isa = PBXVariantGroup;
			children = (
				A3F0616822F80C32000C4462 /* Base */,
			);
			name = LaunchScreen.storyboard;
			sourceTree = "<group>";
		};
/* End PBXVariantGroup section */

/* Begin XCBuildConfiguration section */
		A3F0616D22F80C32000C4462 /* Debug */ = {
			isa = XCBuildConfiguration;
			buildSettings = {
				ALWAYS_SEARCH_USER_PATHS = NO;
				CLANG_ANALYZER_NONNULL = YES;
				CLANG_ANALYZER_NUMBER_OBJECT_CONVERSION = YES_AGGRESSIVE;
				CLANG_CXX_LANGUAGE_STANDARD = "gnu++14";
				CLANG_CXX_LIBRARY = "libc++";
				CLANG_ENABLE_MODULES = YES;
				CLANG_ENABLE_OBJC_ARC = YES;
				CLANG_ENABLE_OBJC_WEAK = YES;
				CLANG_WARN_BLOCK_CAPTURE_AUTORELEASING = YES;
				CLANG_WARN_BOOL_CONVERSION = YES;
				CLANG_WARN_COMMA = YES;
				CLANG_WARN_CONSTANT_CONVERSION = YES;
				CLANG_WARN_DEPRECATED_OBJC_IMPLEMENTATIONS = YES;
				CLANG_WARN_DIRECT_OBJC_ISA_USAGE = YES_ERROR;
				CLANG_WARN_DOCUMENTATION_COMMENTS = YES;
				CLANG_WARN_EMPTY_BODY = YES;
				CLANG_WARN_ENUM_CONVERSION = YES;
				CLANG_WARN_INFINITE_RECURSION = YES;
				CLANG_WARN_INT_CONVERSION = YES;
				CLANG_WARN_NON_LITERAL_NULL_CONVERSION = YES;
				CLANG_WARN_OBJC_IMPLICIT_RETAIN_SELF = YES;
				CLANG_WARN_OBJC_LITERAL_CONVERSION = YES;
				CLANG_WARN_OBJC_ROOT_CLASS = YES_ERROR;
				CLANG_WARN_RANGE_LOOP_ANALYSIS = YES;
				CLANG_WARN_STRICT_PROTOTYPES = YES;
				CLANG_WARN_SUSPICIOUS_MOVE = YES;
				CLANG_WARN_UNGUARDED_AVAILABILITY = YES_AGGRESSIVE;
				CLANG_WARN_UNREACHABLE_CODE = YES;
				CLANG_WARN__DUPLICATE_METHOD_MATCH = YES;
				CODE_SIGN_IDENTITY = "iPhone Developer";
				COPY_PHASE_STRIP = NO;
				DEBUG_INFORMATION_FORMAT = dwarf;
				ENABLE_STRICT_OBJC_MSGSEND = YES;
				ENABLE_TESTABILITY = YES;
				GCC_C_LANGUAGE_STANDARD = gnu11;
				GCC_DYNAMIC_NO_PIC = NO;
				GCC_NO_COMMON_BLOCKS = YES;
				GCC_OPTIMIZATION_LEVEL = 0;
				GCC_PREPROCESSOR_DEFINITIONS = (
					"DEBUG=1",
					"$(inherited)",
				);
				GCC_WARN_64_TO_32_BIT_CONVERSION = YES;
				GCC_WARN_ABOUT_RETURN_TYPE = YES_ERROR;
				GCC_WARN_UNDECLARED_SELECTOR = YES;
				GCC_WARN_UNINITIALIZED_AUTOS = YES_AGGRESSIVE;
				GCC_WARN_UNUSED_FUNCTION = YES;
				GCC_WARN_UNUSED_VARIABLE = YES;
				IPHONEOS_DEPLOYMENT_TARGET = 12.4;
				MTL_ENABLE_DEBUG_INFO = INCLUDE_SOURCE;
				MTL_FAST_MATH = YES;
				ONLY_ACTIVE_ARCH = YES;
				SDKROOT = iphoneos;
			};
			name = Debug;
		};
		A3F0616E22F80C32000C4462 /* Release */ = {
			isa = XCBuildConfiguration;
			buildSettings = {
				ALWAYS_SEARCH_USER_PATHS = NO;
				CLANG_ANALYZER_NONNULL = YES;
				CLANG_ANALYZER_NUMBER_OBJECT_CONVERSION = YES_AGGRESSIVE;
				CLANG_CXX_LANGUAGE_STANDARD = "gnu++14";
				CLANG_CXX_LIBRARY = "libc++";
				CLANG_ENABLE_MODULES = YES;
				CLANG_ENABLE_OBJC_ARC = YES;
				CLANG_ENABLE_OBJC_WEAK = YES;
				CLANG_WARN_BLOCK_CAPTURE_AUTORELEASING = YES;
				CLANG_WARN_BOOL_CONVERSION = YES;
				CLANG_WARN_COMMA = YES;
				CLANG_WARN_CONSTANT_CONVERSION = YES;
				CLANG_WARN_DEPRECATED_OBJC_IMPLEMENTATIONS = YES;
				CLANG_WARN_DIRECT_OBJC_ISA_USAGE = YES_ERROR;
				CLANG_WARN_DOCUMENTATION_COMMENTS = YES;
				CLANG_WARN_EMPTY_BODY = YES;
				CLANG_WARN_ENUM_CONVERSION = YES;
				CLANG_WARN_INFINITE_RECURSION = YES;
				CLANG_WARN_INT_CONVERSION = YES;
				CLANG_WARN_NON_LITERAL_NULL_CONVERSION = YES;
				CLANG_WARN_OBJC_IMPLICIT_RETAIN_SELF = YES;
				CLANG_WARN_OBJC_LITERAL_CONVERSION = YES;
				CLANG_WARN_OBJC_ROOT_CLASS = YES_ERROR;
				CLANG_WARN_RANGE_LOOP_ANALYSIS = YES;
				CLANG_WARN_STRICT_PROTOTYPES = YES;
				CLANG_WARN_SUSPICIOUS_MOVE = YES;
				CLANG_WARN_UNGUARDED_AVAILABILITY = YES_AGGRESSIVE;
				CLANG_WARN_UNREACHABLE_CODE = YES;
				CLANG_WARN__DUPLICATE_METHOD_MATCH = YES;
				CODE_SIGN_IDENTITY = "iPhone Developer";
				COPY_PHASE_STRIP = NO;
				DEBUG_INFORMATION_FORMAT = "dwarf-with-dsym";
				ENABLE_NS_ASSERTIONS = NO;
				ENABLE_STRICT_OBJC_MSGSEND = YES;
				GCC_C_LANGUAGE_STANDARD = gnu11;
				GCC_NO_COMMON_BLOCKS = YES;
				GCC_WARN_64_TO_32_BIT_CONVERSION = YES;
				GCC_WARN_ABOUT_RETURN_TYPE = YES_ERROR;
				GCC_WARN_UNDECLARED_SELECTOR = YES;
				GCC_WARN_UNINITIALIZED_AUTOS = YES_AGGRESSIVE;
				GCC_WARN_UNUSED_FUNCTION = YES;
				GCC_WARN_UNUSED_VARIABLE = YES;
				IPHONEOS_DEPLOYMENT_TARGET = 12.4;
				MTL_ENABLE_DEBUG_INFO = NO;
				MTL_FAST_MATH = YES;
				SDKROOT = iphoneos;
				VALIDATE_PRODUCT = YES;
			};
			name = Release;
		};
		A3F0617022F80C32000C4462 /* Debug */ = {
			isa = XCBuildConfiguration;
			baseConfigurationReference = 0FB56CE385B17E4AFD2585A0 /* Pods-iOSWithFlutterSingleVC.debug.xcconfig */;
			buildSettings = {
				ASSETCATALOG_COMPILER_APPICON_NAME = AppIcon;
				CODE_SIGN_STYLE = Automatic;
				DEVELOPMENT_TEAM = 776HE9E6LB;
				ENABLE_BITCODE = NO;
				INFOPLIST_FILE = "$(SRCROOT)/iOSWithFlutterSingleVC/Supporting Files/Info.plist";
				IPHONEOS_DEPLOYMENT_TARGET = 9.0;
				LD_RUNPATH_SEARCH_PATHS = (
					"$(inherited)",
					"@executable_path/Frameworks",
				);
				PRODUCT_BUNDLE_IDENTIFIER = DeyingStudio.iOSWithFlutterSingleVC;
				PRODUCT_NAME = "$(TARGET_NAME)";
				TARGETED_DEVICE_FAMILY = "1,2";
			};
			name = Debug;
		};
		A3F0617122F80C32000C4462 /* Release */ = {
			isa = XCBuildConfiguration;
			baseConfigurationReference = F1936F930D58C6A30D2D2F6C /* Pods-iOSWithFlutterSingleVC.release.xcconfig */;
			buildSettings = {
				ASSETCATALOG_COMPILER_APPICON_NAME = AppIcon;
				CODE_SIGN_STYLE = Automatic;
				DEVELOPMENT_TEAM = 776HE9E6LB;
				ENABLE_BITCODE = NO;
				INFOPLIST_FILE = "$(SRCROOT)/iOSWithFlutterSingleVC/Supporting Files/Info.plist";
				IPHONEOS_DEPLOYMENT_TARGET = 9.0;
				LD_RUNPATH_SEARCH_PATHS = (
					"$(inherited)",
					"@executable_path/Frameworks",
				);
				PRODUCT_BUNDLE_IDENTIFIER = DeyingStudio.iOSWithFlutterSingleVC;
				PRODUCT_NAME = "$(TARGET_NAME)";
				TARGETED_DEVICE_FAMILY = "1,2";
			};
			name = Release;
		};
/* End XCBuildConfiguration section */

/* Begin XCConfigurationList section */
		A3F0615422F80C31000C4462 /* Build configuration list for PBXProject "iOSWithFlutterSingleVC" */ = {
			isa = XCConfigurationList;
			buildConfigurations = (
				A3F0616D22F80C32000C4462 /* Debug */,
				A3F0616E22F80C32000C4462 /* Release */,
			);
			defaultConfigurationIsVisible = 0;
			defaultConfigurationName = Release;
		};
		A3F0616F22F80C32000C4462 /* Build configuration list for PBXNativeTarget "iOSWithFlutterSingleVC" */ = {
			isa = XCConfigurationList;
			buildConfigurations = (
				A3F0617022F80C32000C4462 /* Debug */,
				A3F0617122F80C32000C4462 /* Release */,
			);
			defaultConfigurationIsVisible = 0;
			defaultConfigurationName = Release;
		};
/* End XCConfigurationList section */
	};
	rootObject = A3F0615122F80C31000C4462 /* Project object */;
}
